PODS:
  - Differ (1.4.1)
  - RxCocoa (5.0.0):
    - RxRelay (~> 5)
    - RxSwift (~> 5)
  - RxRelay (5.0.0):
    - RxSwift (~> 5)
  - RxSwift (5.0.0)

DEPENDENCIES:
  - Differ
  - RxCocoa
  - RxSwift

SPEC REPOS:
  https://github.com/cocoapods/specs.git:
    - Differ
    - RxCocoa
    - RxRelay
    - RxSwift

SPEC CHECKSUMS:
  Differ: ca4350872e32a1aeedf3d9e2d9e47127833bfa9c
  RxCocoa: fcf32050ac00d801f34a7f71d5e8e7f23026dcd8
  RxRelay: 4f7409406a51a55cd88483f21ed898c234d60f18
  RxSwift: 8b0671caa829a763bbce7271095859121cbd895f

PODFILE CHECKSUM: a3b5fc12833a56ddce5f5e564359d3168ce17dd0

COCOAPODS: 1.6.1
